<?xml version="1.0" encoding="utf-8"?>
<Project ToolsVersion="4.0" xmlns="http://schemas.microsoft.com/developer/msbuild/2003">
  <ItemGroup>
    <Filter Include="Source Files">
      <UniqueIdentifier>{4FC737F1-C7A5-4376-A066-2A32D752A2FF}</UniqueIdentifier>
      <Extensions>cpp;c;cc;cxx;c++;cppm;ixx;def;odl;idl;hpj;bat;asm;asmx</Extensions>
    </Filter>
    <Filter Include="Header Files">
      <UniqueIdentifier>{93995380-89BD-4b04-88EB-625FBE52EBFB}</UniqueIdentifier>
      <Extensions>h;hh;hpp;hxx;h++;hm;inl;inc;ipp;xsd</Extensions>
    </Filter>
    <Filter Include="Resource Files">
      <UniqueIdentifier>{67DA6AB6-F800-4c08-8B7A-83BB121AAD01}</UniqueIdentifier>
      <Extensions>rc;ico;cur;bmp;dlg;rc2;rct;bin;rgs;gif;jpg;jpeg;jpe;resx;tiff;tif;png;wav;mfcribbon-ms</Extensions>
    </Filter>
    <Filter Include="Source Files\ui">
      <UniqueIdentifier>{2eac13a6-9597-48bb-9ed2-cac19bd58214}</UniqueIdentifier>
    </Filter>
    <Filter Include="Source Files\math">
      <UniqueIdentifier>{3ca1c230-fac0-4418-b3d2-ac9b5e0a108f}</UniqueIdentifier>
    </Filter>
    <Filter Include="Source Files\utils">
      <UniqueIdentifier>{a28f4d11-29c9-4737-a5a1-c59c98e5f809}</UniqueIdentifier>
    </Filter>
    <Filter Include="Header Files\ui">
      <UniqueIdentifier>{5d00714c-d88e-4d05-8d19-76d59842ebfd}</UniqueIdentifier>
    </Filter>
    <Filter Include="Header Files\utils">
      <UniqueIdentifier>{85f7a68a-85a6-49c8-baa8-cf7309a18789}</UniqueIdentifier>
    </Filter>
    <Filter Include="Header Files\math">
      <UniqueIdentifier>{e3297327-2368-41d6-be34-a1841cac4921}</UniqueIdentifier>
    </Filter>
    <Filter Include="Source Files\font">
      <UniqueIdentifier>{ad01dfc7-3029-46a6-b801-f4727faf86e3}</UniqueIdentifier>
    </Filter>
    <Filter Include="Header Files\font">
      <UniqueIdentifier>{3edcaa24-f9bb-4a26-b499-6f966f1e07f9}</UniqueIdentifier>
    </Filter>
  </ItemGroup>
  <ItemGroup>
    <ClCompile Include="DDraw.c">
      <Filter>Source Files</Filter>
    </ClCompile>
    <ClCompile Include="math\math.c">
      <Filter>Source Files\math</Filter>
    </ClCompile>
    <ClCompile Include="math\matrix.c">
      <Filter>Source Files\math</Filter>
    </ClCompile>
    <ClCompile Include="math\quat.c">
      <Filter>Source Files\math</Filter>
    </ClCompile>
    <ClCompile Include="math\vec2.c">
      <Filter>Source Files\math</Filter>
    </ClCompile>
    <ClCompile Include="math\vec3.c">
      <Filter>Source Files\math</Filter>
    </ClCompile>
    <ClCompile Include="math\vec4.c">
      <Filter>Source Files\math</Filter>
    </ClCompile>
    <ClCompile Include="utils\list.c">
      <Filter>Source Files\utils</Filter>
    </ClCompile>
    <ClCompile Include="ui\ui.c">
      <Filter>Source Files\ui</Filter>
    </ClCompile>
    <ClCompile Include="font\font.c">
      <Filter>Source Files\font</Filter>
    </ClCompile>
    <ClCompile Include="ui\button.c">
      <Filter>Source Files\ui</Filter>
    </ClCompile>
    <ClCompile Include="ui\checkbox.c">
      <Filter>Source Files\ui</Filter>
    </ClCompile>
    <ClCompile Include="ui\bargraph.c">
      <Filter>Source Files\ui</Filter>
    </ClCompile>
    <ClCompile Include="ui\cursor.c">
      <Filter>Source Files\ui</Filter>
    </ClCompile>
    <ClCompile Include="ui\sprite.c">
      <Filter>Source Files\ui</Filter>
    </ClCompile>
  </ItemGroup>
  <ItemGroup>
    <ClInclude Include="math\math.h">
      <Filter>Header Files\math</Filter>
    </ClInclude>
    <ClInclude Include="utils\list.h">
      <Filter>Header Files\utils</Filter>
    </ClInclude>
    <ClInclude Include="font\font.h">
      <Filter>Header Files\font</Filter>
    </ClInclude>
    <ClInclude Include="ui\ui.h">
      <Filter>Header Files\ui</Filter>
    </ClInclude>
  </ItemGroup>
</Project>